%{"cowboy": {:git, "https://github.com/ninenines/cowboy.git", "c528d9b0f7698b5b901cbc8841a96fb4bd38aba9", []},
  "cowlib": {:git, "https://github.com/ninenines/cowlib", "8e6d0f462850a90bd8a60995f52027839288d038", [ref: "master"]},
  "ranch": {:git, "https://github.com/ninenines/ranch", "a5d2efcde9a34ad38ab89a26d98ea5335e88625a", [ref: "1.2.1"]}}
